
Microsoft Visual Studio Solution File, Format Version 12.00
# Visual Studio 2012
Project("{FAE04EC0-301F-11D3-BF4B-00C04F79EFBC}") = "GreeterMVCApp", "GreeterMVCApp\GreeterMVCApp.csproj", "{726753EB-CF3A-44E3-8D20-E3FEF0075CC9}"
EndProject
Project("{FAE04EC0-301F-11D3-BF4B-00C04F79EFBC}") = "GreeterMVCAppTests", "GreeterMVCAppTests\GreeterMVCAppTests.csproj", "{4DD4CED5-797F-41B7-9F37-122418D8C743}"
EndProject
Global
	GlobalSection(SolutionConfigurationPlatforms) = preSolution
		Debug|Any CPU = Debug|Any CPU
		Release|Any CPU = Release|Any CPU
	EndGlobalSection
	GlobalSection(ProjectConfigurationPlatforms) = postSolution
		{726753EB-CF3A-44E3-8D20-E3FEF0075CC9}.Debug|Any CPU.ActiveCfg = Debug|Any CPU
		{726753EB-CF3A-44E3-8D20-E3FEF0075CC9}.Debug|Any CPU.Build.0 = Debug|Any CPU
		{726753EB-CF3A-44E3-8D20-E3FEF0075CC9}.Release|Any CPU.ActiveCfg = Release|Any CPU
		{726753EB-CF3A-44E3-8D20-E3FEF0075CC9}.Release|Any CPU.Build.0 = Release|Any CPU
		{4DD4CED5-797F-41B7-9F37-122418D8C743}.Debug|Any CPU.ActiveCfg = Debug|Any CPU
		{4DD4CED5-797F-41B7-9F37-122418D8C743}.Debug|Any CPU.Build.0 = Debug|Any CPU
		{4DD4CED5-797F-41B7-9F37-122418D8C743}.Release|Any CPU.ActiveCfg = Release|Any CPU
		{4DD4CED5-797F-41B7-9F37-122418D8C743}.Release|Any CPU.Build.0 = Release|Any CPU
	EndGlobalSection
	GlobalSection(SolutionProperties) = preSolution
		HideSolutionNode = FALSE
	EndGlobalSection
EndGlobal
